
Microsoft Visual Studio Solution File, Format Version 12.00
# Visual Studio 14
VisualStudioVersion = 14.0.25420.1
MinimumVisualStudioVersion = 10.0.40219.1
Project("{FAE04EC0-301F-11D3-BF4B-00C04F79EFBC}") = "DataLayer", "DataLayer\DataLayer.csproj", "{716E774E-E34E-4FC6-BCA7-1143CB19FE3C}"
EndProject
Project("{FAE04EC0-301F-11D3-BF4B-00C04F79EFBC}") = "BusinessLAyer", "BuissnesLayer\BusinessLAyer.csproj", "{16A801FD-D7E2-4218-909A-E00BD1DAD491}"
EndProject
Project("{FAE04EC0-301F-11D3-BF4B-00C04F79EFBC}") = "PresentationLayer", "PresentationLayer\PresentationLayer.csproj", "{D6CE17D4-121B-4EAB-B6FB-F3C6603C1C36}"
EndProject
Global
	GlobalSection(SolutionConfigurationPlatforms) = preSolution
		Debug|Any CPU = Debug|Any CPU
		Release|Any CPU = Release|Any CPU
	EndGlobalSection
	GlobalSection(ProjectConfigurationPlatforms) = postSolution
		{716E774E-E34E-4FC6-BCA7-1143CB19FE3C}.Debug|Any CPU.ActiveCfg = Debug|Any CPU
		{716E774E-E34E-4FC6-BCA7-1143CB19FE3C}.Debug|Any CPU.Build.0 = Debug|Any CPU
		{716E774E-E34E-4FC6-BCA7-1143CB19FE3C}.Release|Any CPU.ActiveCfg = Release|Any CPU
		{716E774E-E34E-4FC6-BCA7-1143CB19FE3C}.Release|Any CPU.Build.0 = Release|Any CPU
		{16A801FD-D7E2-4218-909A-E00BD1DAD491}.Debug|Any CPU.ActiveCfg = Debug|Any CPU
		{16A801FD-D7E2-4218-909A-E00BD1DAD491}.Debug|Any CPU.Build.0 = Debug|Any CPU
		{16A801FD-D7E2-4218-909A-E00BD1DAD491}.Release|Any CPU.ActiveCfg = Release|Any CPU
		{16A801FD-D7E2-4218-909A-E00BD1DAD491}.Release|Any CPU.Build.0 = Release|Any CPU
		{D6CE17D4-121B-4EAB-B6FB-F3C6603C1C36}.Debug|Any CPU.ActiveCfg = Debug|Any CPU
		{D6CE17D4-121B-4EAB-B6FB-F3C6603C1C36}.Debug|Any CPU.Build.0 = Debug|Any CPU
		{D6CE17D4-121B-4EAB-B6FB-F3C6603C1C36}.Release|Any CPU.ActiveCfg = Release|Any CPU
		{D6CE17D4-121B-4EAB-B6FB-F3C6603C1C36}.Release|Any CPU.Build.0 = Release|Any CPU
	EndGlobalSection
	GlobalSection(SolutionProperties) = preSolution
		HideSolutionNode = FALSE
	EndGlobalSection
EndGlobal
